
Microsoft Visual Studio Solution File, Format Version 12.00
# Visual Studio Version 17
VisualStudioVersion = 17.5.002.0
MinimumVisualStudioVersion = 10.0.40219.1
Project("{9A19103F-16F7-4668-BE54-9A1E7A4F7556}") = "Biblioteca", "Biblioteca.csproj", "{DAB61577-0600-420A-B3AD-71AD54E51177}"
EndProject
Global
	GlobalSection(SolutionConfigurationPlatforms) = preSolution
		Debug|Any CPU = Debug|Any CPU
		Release|Any CPU = Release|Any CPU
	EndGlobalSection
	GlobalSection(ProjectConfigurationPlatforms) = postSolution
		{DAB61577-0600-420A-B3AD-71AD54E51177}.Debug|Any CPU.ActiveCfg = Debug|Any CPU
		{DAB61577-0600-420A-B3AD-71AD54E51177}.Debug|Any CPU.Build.0 = Debug|Any CPU
		{DAB61577-0600-420A-B3AD-71AD54E51177}.Release|Any CPU.ActiveCfg = Release|Any CPU
		{DAB61577-0600-420A-B3AD-71AD54E51177}.Release|Any CPU.Build.0 = Release|Any CPU
	EndGlobalSection
	GlobalSection(SolutionProperties) = preSolution
		HideSolutionNode = FALSE
	EndGlobalSection
	GlobalSection(ExtensibilityGlobals) = postSolution
		SolutionGuid = {77DDD3DA-2531-472A-9BE5-6014AB1A17CF}
	EndGlobalSection
EndGlobal
